# THIS IS AN AUTOGENERATED FILE. DO NOT EDIT THIS FILE DIRECTLY.
# yarn lockfile v1


"@types/node@^16.7.10":
  version "16.7.10"
  resolved "https://registry.yarnpkg.com/@types/node/-/node-16.7.10.tgz#7aa732cc47341c12a16b7d562f519c2383b6d4fc"
  integrity sha512-S63Dlv4zIPb8x6MMTgDq5WWRJQe56iBEY0O3SOFA9JrRienkOVDXSXBjjJw6HTNQYSE2JI6GMCR6LVbIMHJVvA==

dissector@^2.0.0:
  version "2.0.0"
  resolved "https://registry.yarnpkg.com/dissector/-/dissector-2.0.0.tgz#ea9def4750c2d0c48b7e9e292d2ec504af329c88"
  integrity sha512-Dey6xJSIV2euSx9c+enPIBP1L+CE2PBGm8voQK2HMCNKP3UYpG1ySsEPHReAWPtYKqbwmOnKwC4PBMagf4lF1A==
